
Microsoft Visual Studio Solution File, Format Version 12.00
# Visual Studio Version 16
VisualStudioVersion = 16.0.28803.452
MinimumVisualStudioVersion = 10.0.40219.1
Project("{9A19103F-16F7-4668-BE54-9A1E7A4F7556}") = "ApiTests", "ApiTests\ApiTests.csproj", "{3A205DEB-CD6E-4D57-8E2C-BA1156F20195}"
EndProject
Project("{2150E333-8FDC-42A3-9474-1A3956D46DE8}") = "Solution Items", "Solution Items", "{B7397D78-4AEC-4D80-953E-12F01EB947D8}"
	ProjectSection(SolutionItems) = preProject
		MSTest.runsettings = MSTest.runsettings
	EndProjectSection
EndProject
Project("{FAE04EC0-301F-11D3-BF4B-00C04F79EFBC}") = "TestBase", "TestBase\TestBase.csproj", "{77E6ED22-832A-4040-959F-62D90F0F8A8A}"
EndProject
Global
	GlobalSection(SolutionConfigurationPlatforms) = preSolution
		Debug|Any CPU = Debug|Any CPU
		Release|Any CPU = Release|Any CPU
	EndGlobalSection
	GlobalSection(ProjectConfigurationPlatforms) = postSolution
		{3A205DEB-CD6E-4D57-8E2C-BA1156F20195}.Debug|Any CPU.ActiveCfg = Debug|Any CPU
		{3A205DEB-CD6E-4D57-8E2C-BA1156F20195}.Debug|Any CPU.Build.0 = Debug|Any CPU
		{3A205DEB-CD6E-4D57-8E2C-BA1156F20195}.Release|Any CPU.ActiveCfg = Release|Any CPU
		{3A205DEB-CD6E-4D57-8E2C-BA1156F20195}.Release|Any CPU.Build.0 = Release|Any CPU
		{77E6ED22-832A-4040-959F-62D90F0F8A8A}.Debug|Any CPU.ActiveCfg = Debug|Any CPU
		{77E6ED22-832A-4040-959F-62D90F0F8A8A}.Debug|Any CPU.Build.0 = Debug|Any CPU
		{77E6ED22-832A-4040-959F-62D90F0F8A8A}.Release|Any CPU.ActiveCfg = Release|Any CPU
		{77E6ED22-832A-4040-959F-62D90F0F8A8A}.Release|Any CPU.Build.0 = Release|Any CPU
	EndGlobalSection
	GlobalSection(SolutionProperties) = preSolution
		HideSolutionNode = FALSE
	EndGlobalSection
	GlobalSection(ExtensibilityGlobals) = postSolution
		SolutionGuid = {9B7155FE-F00E-4EF8-9A85-790ECD97DFB2}
	EndGlobalSection
EndGlobal
